
Microsoft Visual Studio Solution File, Format Version 12.00
# Visual Studio 15
VisualStudioVersion = 15.0.27428.2015
MinimumVisualStudioVersion = 10.0.40219.1
Project("{FAE04EC0-301F-11D3-BF4B-00C04F79EFBC}") = "HfvExplorerSharp", "HfvExplorerSharp\HfvExplorerSharp\HfvExplorerSharp.csproj", "{4418EC5E-B5FF-4A04-B3DD-5D8726EE715E}"
EndProject
Project("{FAE04EC0-301F-11D3-BF4B-00C04F79EFBC}") = "HfvExplorerSharp.Desktop", "HfvExplorerSharp\HfvExplorerSharp.Desktop\HfvExplorerSharp.Desktop.csproj", "{F010CBF3-5958-4E0C-A4F3-344D2A71CA43}"
EndProject
Global
	GlobalSection(SolutionConfigurationPlatforms) = preSolution
		Debug|Any CPU = Debug|Any CPU
		Release|Any CPU = Release|Any CPU
	EndGlobalSection
	GlobalSection(ProjectConfigurationPlatforms) = postSolution
		{4418EC5E-B5FF-4A04-B3DD-5D8726EE715E}.Debug|Any CPU.ActiveCfg = Debug|Any CPU
		{4418EC5E-B5FF-4A04-B3DD-5D8726EE715E}.Debug|Any CPU.Build.0 = Debug|Any CPU
		{4418EC5E-B5FF-4A04-B3DD-5D8726EE715E}.Release|Any CPU.ActiveCfg = Release|Any CPU
		{4418EC5E-B5FF-4A04-B3DD-5D8726EE715E}.Release|Any CPU.Build.0 = Release|Any CPU
		{F010CBF3-5958-4E0C-A4F3-344D2A71CA43}.Debug|Any CPU.ActiveCfg = Debug|Any CPU
		{F010CBF3-5958-4E0C-A4F3-344D2A71CA43}.Debug|Any CPU.Build.0 = Debug|Any CPU
		{F010CBF3-5958-4E0C-A4F3-344D2A71CA43}.Release|Any CPU.ActiveCfg = Release|Any CPU
		{F010CBF3-5958-4E0C-A4F3-344D2A71CA43}.Release|Any CPU.Build.0 = Release|Any CPU
	EndGlobalSection
	GlobalSection(SolutionProperties) = preSolution
		HideSolutionNode = FALSE
	EndGlobalSection
	GlobalSection(ExtensibilityGlobals) = postSolution
		SolutionGuid = {7BF46508-3471-49E4-A9F3-D58AD4CE0015}
	EndGlobalSection
EndGlobal
